
Microsoft Visual Studio Solution File, Format Version 12.00
# Visual Studio Version 17
VisualStudioVersion = 17.11.35219.272
MinimumVisualStudioVersion = 10.0.40219.1
Project("{888888A0-9F3D-457C-B088-3A5042F75D52}") = "BotList", "BotTwst\BotList.pyproj", "{63E92E93-7E31-4A68-B887-0026FF1E3FE8}"
EndProject
Global
	GlobalSection(SolutionConfigurationPlatforms) = preSolution
		Debug|Any CPU = Debug|Any CPU
		Release|Any CPU = Release|Any CPU
	EndGlobalSection
	GlobalSection(ProjectConfigurationPlatforms) = postSolution
		{63E92E93-7E31-4A68-B887-0026FF1E3FE8}.Debug|Any CPU.ActiveCfg = Debug|Any CPU
		{63E92E93-7E31-4A68-B887-0026FF1E3FE8}.Release|Any CPU.ActiveCfg = Release|Any CPU
	EndGlobalSection
	GlobalSection(SolutionProperties) = preSolution
		HideSolutionNode = FALSE
	EndGlobalSection
	GlobalSection(ExtensibilityGlobals) = postSolution
		SolutionGuid = {C80DA194-DE10-4895-8900-64EAFA87CECF}
	EndGlobalSection
EndGlobal
